
Microsoft Visual Studio Solution File, Format Version 12.00
# Visual Studio Version 16
VisualStudioVersion = 16.0.33214.272
MinimumVisualStudioVersion = 10.0.40219.1
Project("{FAE04EC0-301F-11D3-BF4B-00C04F79EFBC}") = "EmployeeCRUD_Scaffolding", "EmployeeCRUD_Scaffolding\EmployeeCRUD_Scaffolding.csproj", "{C6B59A3A-0EF4-46AC-B32B-74CD8CA588CC}"
EndProject
Global
	GlobalSection(SolutionConfigurationPlatforms) = preSolution
		Debug|Any CPU = Debug|Any CPU
		Release|Any CPU = Release|Any CPU
	EndGlobalSection
	GlobalSection(ProjectConfigurationPlatforms) = postSolution
		{C6B59A3A-0EF4-46AC-B32B-74CD8CA588CC}.Debug|Any CPU.ActiveCfg = Debug|Any CPU
		{C6B59A3A-0EF4-46AC-B32B-74CD8CA588CC}.Debug|Any CPU.Build.0 = Debug|Any CPU
		{C6B59A3A-0EF4-46AC-B32B-74CD8CA588CC}.Release|Any CPU.ActiveCfg = Release|Any CPU
		{C6B59A3A-0EF4-46AC-B32B-74CD8CA588CC}.Release|Any CPU.Build.0 = Release|Any CPU
	EndGlobalSection
	GlobalSection(SolutionProperties) = preSolution
		HideSolutionNode = FALSE
	EndGlobalSection
	GlobalSection(ExtensibilityGlobals) = postSolution
		SolutionGuid = {CCD0E405-01D2-45D2-B539-C32BADFCE61B}
	EndGlobalSection
EndGlobal
